
Microsoft Visual Studio Solution File, Format Version 12.00
# Visual Studio Version 17
VisualStudioVersion = 17.0.31903.59
MinimumVisualStudioVersion = 10.0.40219.1
Project("{2150E333-8FDC-42A3-9474-1A3956D46DE8}") = "src", "src", "{2D9A461A-6E3A-4262-A7D5-00423AD9F528}"
EndProject
Project("{FAE04EC0-301F-11D3-BF4B-00C04F79EFBC}") = "MazeSolve", "src\MazeSolve\MazeSolve.csproj", "{FA5FD3CD-9ECF-41F3-A896-5717BD0C812E}"
EndProject
Project("{F2A71F9B-5D33-465A-A702-920D77279786}") = "MazeSolveFS", "src\MazeSolveFS\MazeSolveFS.fsproj", "{F98380E7-9C0C-4BF8-8D51-67AD6D137DB9}"
EndProject
Global
	GlobalSection(SolutionConfigurationPlatforms) = preSolution
		Debug|Any CPU = Debug|Any CPU
		Release|Any CPU = Release|Any CPU
	EndGlobalSection
	GlobalSection(SolutionProperties) = preSolution
		HideSolutionNode = FALSE
	EndGlobalSection
	GlobalSection(ProjectConfigurationPlatforms) = postSolution
		{FA5FD3CD-9ECF-41F3-A896-5717BD0C812E}.Debug|Any CPU.ActiveCfg = Debug|Any CPU
		{FA5FD3CD-9ECF-41F3-A896-5717BD0C812E}.Debug|Any CPU.Build.0 = Debug|Any CPU
		{FA5FD3CD-9ECF-41F3-A896-5717BD0C812E}.Release|Any CPU.ActiveCfg = Release|Any CPU
		{FA5FD3CD-9ECF-41F3-A896-5717BD0C812E}.Release|Any CPU.Build.0 = Release|Any CPU
		{F98380E7-9C0C-4BF8-8D51-67AD6D137DB9}.Debug|Any CPU.ActiveCfg = Debug|Any CPU
		{F98380E7-9C0C-4BF8-8D51-67AD6D137DB9}.Debug|Any CPU.Build.0 = Debug|Any CPU
		{F98380E7-9C0C-4BF8-8D51-67AD6D137DB9}.Release|Any CPU.ActiveCfg = Release|Any CPU
		{F98380E7-9C0C-4BF8-8D51-67AD6D137DB9}.Release|Any CPU.Build.0 = Release|Any CPU
	EndGlobalSection
	GlobalSection(NestedProjects) = preSolution
		{FA5FD3CD-9ECF-41F3-A896-5717BD0C812E} = {2D9A461A-6E3A-4262-A7D5-00423AD9F528}
		{F98380E7-9C0C-4BF8-8D51-67AD6D137DB9} = {2D9A461A-6E3A-4262-A7D5-00423AD9F528}
	EndGlobalSection
EndGlobal
